
Microsoft Visual Studio Solution File, Format Version 12.00
# Visual Studio Version 17
VisualStudioVersion = 17.0.31903.59
MinimumVisualStudioVersion = 10.0.40219.1
Project("{2150E333-8FDC-42A3-9474-1A3956D46DE8}") = "src", "src", "{36BA0297-64E8-473D-8A88-850E1ABF1CF0}"
EndProject
Project("{FAE04EC0-301F-11D3-BF4B-00C04F79EFBC}") = "KeepPassword.Core", "src\KeepPassword.Core\KeepPassword.Core.csproj", "{BB4BAD7F-8ACF-4D90-A7A2-A1332E5850CF}"
EndProject
Project("{2150E333-8FDC-42A3-9474-1A3956D46DE8}") = "tests", "tests", "{902CD323-FEB0-4659-8126-7256BB9FD028}"
EndProject
Project("{FAE04EC0-301F-11D3-BF4B-00C04F79EFBC}") = "KeepPassword.Core.Tests", "tests\KeepPassword.Core.Tests\KeepPassword.Core.Tests.csproj", "{187AF741-D81A-4A1C-8FF2-D4D7B295F1D9}"
EndProject
Project("{FAE04EC0-301F-11D3-BF4B-00C04F79EFBC}") = "KeepPassword.NativeHost", "src\KeepPassword.NativeHost\KeepPassword.NativeHost.csproj", "{80F13AB6-8844-46B8-9DD5-72828E417FA4}"
EndProject
Project("{FAE04EC0-301F-11D3-BF4B-00C04F79EFBC}") = "KeepPassword.App", "src\KeepPassword.App\KeepPassword.App.csproj", "{8A127815-2EB1-4B65-B984-9C3993FAA6CF}"
EndProject
Project("{FAE04EC0-301F-11D3-BF4B-00C04F79EFBC}") = "KeepPassword.Setup", "src\KeepPassword.Setup\KeepPassword.Setup.csproj", "{B7407589-9CBD-448A-99B8-9C03D0E87D3C}"
EndProject
Project("{FAE04EC0-301F-11D3-BF4B-00C04F79EFBC}") = "KeepPassword.Uninstall", "src\KeepPassword.Uninstall\KeepPassword.Uninstall.csproj", "{7D055767-05BD-4080-BDCF-39DE1A62C113}"
EndProject
Global
	GlobalSection(SolutionConfigurationPlatforms) = preSolution
		Debug|Any CPU = Debug|Any CPU
		Release|Any CPU = Release|Any CPU
	EndGlobalSection
	GlobalSection(SolutionProperties) = preSolution
		HideSolutionNode = FALSE
	EndGlobalSection
	GlobalSection(ProjectConfigurationPlatforms) = postSolution
		{BB4BAD7F-8ACF-4D90-A7A2-A1332E5850CF}.Debug|Any CPU.ActiveCfg = Debug|Any CPU
		{BB4BAD7F-8ACF-4D90-A7A2-A1332E5850CF}.Debug|Any CPU.Build.0 = Debug|Any CPU
		{BB4BAD7F-8ACF-4D90-A7A2-A1332E5850CF}.Release|Any CPU.ActiveCfg = Release|Any CPU
		{BB4BAD7F-8ACF-4D90-A7A2-A1332E5850CF}.Release|Any CPU.Build.0 = Release|Any CPU
		{187AF741-D81A-4A1C-8FF2-D4D7B295F1D9}.Debug|Any CPU.ActiveCfg = Debug|Any CPU
		{187AF741-D81A-4A1C-8FF2-D4D7B295F1D9}.Debug|Any CPU.Build.0 = Debug|Any CPU
		{187AF741-D81A-4A1C-8FF2-D4D7B295F1D9}.Release|Any CPU.ActiveCfg = Release|Any CPU
		{187AF741-D81A-4A1C-8FF2-D4D7B295F1D9}.Release|Any CPU.Build.0 = Release|Any CPU
		{80F13AB6-8844-46B8-9DD5-72828E417FA4}.Debug|Any CPU.ActiveCfg = Debug|Any CPU
		{80F13AB6-8844-46B8-9DD5-72828E417FA4}.Debug|Any CPU.Build.0 = Debug|Any CPU
		{80F13AB6-8844-46B8-9DD5-72828E417FA4}.Release|Any CPU.ActiveCfg = Release|Any CPU
		{80F13AB6-8844-46B8-9DD5-72828E417FA4}.Release|Any CPU.Build.0 = Release|Any CPU
		{8A127815-2EB1-4B65-B984-9C3993FAA6CF}.Debug|Any CPU.ActiveCfg = Debug|Any CPU
		{8A127815-2EB1-4B65-B984-9C3993FAA6CF}.Debug|Any CPU.Build.0 = Debug|Any CPU
		{8A127815-2EB1-4B65-B984-9C3993FAA6CF}.Release|Any CPU.ActiveCfg = Release|Any CPU
		{8A127815-2EB1-4B65-B984-9C3993FAA6CF}.Release|Any CPU.Build.0 = Release|Any CPU
		{B7407589-9CBD-448A-99B8-9C03D0E87D3C}.Debug|Any CPU.ActiveCfg = Debug|Any CPU
		{B7407589-9CBD-448A-99B8-9C03D0E87D3C}.Debug|Any CPU.Build.0 = Debug|Any CPU
		{B7407589-9CBD-448A-99B8-9C03D0E87D3C}.Release|Any CPU.ActiveCfg = Release|Any CPU
		{B7407589-9CBD-448A-99B8-9C03D0E87D3C}.Release|Any CPU.Build.0 = Release|Any CPU
		{7D055767-05BD-4080-BDCF-39DE1A62C113}.Debug|Any CPU.ActiveCfg = Debug|Any CPU
		{7D055767-05BD-4080-BDCF-39DE1A62C113}.Debug|Any CPU.Build.0 = Debug|Any CPU
		{7D055767-05BD-4080-BDCF-39DE1A62C113}.Release|Any CPU.ActiveCfg = Release|Any CPU
		{7D055767-05BD-4080-BDCF-39DE1A62C113}.Release|Any CPU.Build.0 = Release|Any CPU
	EndGlobalSection
	GlobalSection(NestedProjects) = preSolution
		{BB4BAD7F-8ACF-4D90-A7A2-A1332E5850CF} = {36BA0297-64E8-473D-8A88-850E1ABF1CF0}
		{187AF741-D81A-4A1C-8FF2-D4D7B295F1D9} = {902CD323-FEB0-4659-8126-7256BB9FD028}
		{80F13AB6-8844-46B8-9DD5-72828E417FA4} = {36BA0297-64E8-473D-8A88-850E1ABF1CF0}
		{8A127815-2EB1-4B65-B984-9C3993FAA6CF} = {36BA0297-64E8-473D-8A88-850E1ABF1CF0}
		{B7407589-9CBD-448A-99B8-9C03D0E87D3C} = {36BA0297-64E8-473D-8A88-850E1ABF1CF0}
		{7D055767-05BD-4080-BDCF-39DE1A62C113} = {36BA0297-64E8-473D-8A88-850E1ABF1CF0}
	EndGlobalSection
EndGlobal
